{
    "hash": "706174067ed762666a4ad894e92af1ea",
    "packages": [
        {
            "name": "amazonwebservices/aws-sdk-for-php",
            "version": "1.5.15",
            "dist": {
                "type": "zip",
                "url": "http://broker.cargomedia.ch/repositories/cm/dists/amazonwebservices_aws-sdk-for-php.zip",
                "reference": "1.5.15",
                "shasum": "9aae7de45b9b2c03147eb06d8af987924c9b2df0"
            },
            "require": {
                "php": ">=5.2.0"
            },
            "time": "2012-10-30 23:28:50",
            "type": "library",
            "installation-source": "dist",
            "autoload": {
                "classmap": [
                    "authentication/",
                    "extensions/",
                    "lib/",
                    "services/",
                    "utilities/",
                    "sdk.class.php"
                ]
            },
            "license": [
                "Apache-2.0"
            ],
            "authors": [
                {
                    "name": "Amazon Web Services",
                    "homepage": "http://aws.amazon.com"
                }
            ],
            "description": "AWS SDK for PHP",
            "homepage": "http://aws.amazon.com/sdkforphp/",
            "keywords": [
                "amazon",
                "s3",
                "sdk",
                "aws",
                "dynamodb",
                "ec2"
            ]
        },
        {
            "name": "easybook/geshi",
            "version": "1.0.8.11",
            "dist": {
                "type": "zip",
                "url": "http://broker.cargomedia.ch/repositories/cm/dists/easybook_geshi.zip",
                "reference": "1.0.8.11",
                "shasum": "cbc2418cfb4aeefd5517a5ffca2cf014130f244c"
            },
            "require": {
                "php": ">4.3.0"
            },
            "time": "2012-09-28 03:14:18",
            "type": "library",
            "installation-source": "dist",
            "autoload": {
                "classmap": [
                    "./"
                ]
            },
            "license": [
                "GPL-2.0"
            ],
            "authors": [
                {
                    "name": "Benny Baumann",
                    "email": "BenBE@geshi.org"
                },
                {
                    "name": "Nigel McNie",
                    "email": "nigel@geshi.org"
                }
            ],
            "description": "GeSHi - Generic Syntax Highlighter. This is an unmodified port of GeSHi project code found on SourceForge.",
            "homepage": "http://qbnz.com/highlighter",
            "keywords": [
                "syntax",
                "highlight",
                "highlighter"
            ]
        },
        {
            "name": "leafo/lessphp",
            "version": "v0.3.8",
            "dist": {
                "type": "zip",
                "url": "http://broker.cargomedia.ch/repositories/cm/dists/leafo_lessphp.zip",
                "reference": "v0.3.8",
                "shasum": "d740be18e670c0b490d1db7cb5a952fc27bccabd"
            },
            "time": "2012-08-18 19:16:09",
            "type": "library",
            "installation-source": "dist",
            "autoload": {
                "classmap": [
                    "lessc.inc.php"
                ]
            },
            "license": [
                "MIT",
                "GPL-3.0"
            ],
            "authors": [
                {
                    "name": "Leaf Corcoran",
                    "email": "leafot@gmail.com",
                    "homepage": "http://leafo.net"
                }
            ],
            "description": "lessphp is a compiler for LESS written in PHP.",
            "homepage": "http://leafo.net/lessphp/"
        },
        {
            "name": "phpmailer/phpmailer",
            "version": "5.2.1",
            "dist": {
                "type": "zip",
                "url": "http://broker.cargomedia.ch/repositories/cm/dists/phpmailer_phpmailer.zip",
                "reference": "",
                "shasum": "e6d39a8ec9a396d3ae7309970381ca988b92384e"
            },
            "type": "library",
            "installation-source": "dist",
            "autoload": {
                "classmap": [
                    "class.phpmailer.php"
                ]
            }
        },
        {
            "name": "ruflin/Elastica",
            "version": "v0.19.8.0",
            "dist": {
                "type": "zip",
                "url": "http://broker.cargomedia.ch/repositories/cm/dists/ruflin_elastica.zip",
                "reference": "v0.19.8.0",
                "shasum": "6fea518a333c6b262cd101132b4fa2a2d657610e"
            },
            "require": {
                "php": ">=5.3.0"
            },
            "time": "2012-08-12 09:51:36",
            "type": "library",
            "installation-source": "dist",
            "autoload": {
                "psr-0": {
                    "Elastica": "lib/"
                }
            },
            "license": [
                "Apache 2.0"
            ],
            "authors": [
                {
                    "name": "Nicolas Ruflin",
                    "homepage": "http://ruflin.com/"
                }
            ],
            "description": "Elasticsearch Client",
            "homepage": "http://ruflin.github.com/Elastica/",
            "keywords": [
                "client",
                "search"
            ]
        },
        {
            "name": "smarty/smarty",
            "version": "v3.1.12",
            "dist": {
                "type": "zip",
                "url": "http://broker.cargomedia.ch/repositories/cm/dists/smarty_smarty.zip",
                "reference": "/tags/v3.1.12/@4664",
                "shasum": "a3c0b1d13b7503a1ce1a1e8791d8fc6c836614ec"
            },
            "require": {
                "php": ">=5.2"
            },
            "time": "2012-09-25 22:13:16",
            "type": "library",
            "installation-source": "dist",
            "autoload": {
                "classmap": [
                    "distribution/libs/Smarty.class.php"
                ]
            },
            "license": [
                "LGPL-3.0"
            ],
            "authors": [
                {
                    "name": "Monte Ohrt",
                    "email": "monte@ohrt.com"
                },
                {
                    "name": "Uwe Tews",
                    "email": "uwe.tews@googlemail.com"
                },
                {
                    "name": "Rodney Rehm",
                    "email": "rodney.rehm@medialize.de"
                }
            ],
            "description": "Smarty - the compiling PHP template engine",
            "homepage": "http://www.smarty.net",
            "keywords": [
                "templating"
            ]
        },
        {
            "name": "wurfl/tera-wurfl",
            "version": "2.1.5",
            "dist": {
                "type": "zip",
                "url": "http://broker.cargomedia.ch/repositories/cm/dists/wurfl_tera-wurfl.zip",
                "reference": "",
                "shasum": "bcd4614ed832a7588b5b89a9d0ae16df0db5a47f"
            },
            "type": "library",
            "installation-source": "dist"
        }
    ],
    "packages-dev": null,
    "aliases": [

    ],
    "minimum-stability": "stable",
    "stability-flags": [

    ]
}
